
Microsoft Visual Studio Solution File, Format Version 12.00
# Visual Studio Version 16
VisualStudioVersion = 16.0.28803.156
MinimumVisualStudioVersion = 10.0.40219.1
Project("{9A19103F-16F7-4668-BE54-9A1E7A4F7556}") = "AspNetCoreTodo", "AspNetCoreTodo.csproj", "{05F0B78E-0580-4A8D-B88B-D176779B43A3}"
EndProject
Global
	GlobalSection(SolutionConfigurationPlatforms) = preSolution
		Debug|Any CPU = Debug|Any CPU
		Release|Any CPU = Release|Any CPU
	EndGlobalSection
	GlobalSection(ProjectConfigurationPlatforms) = postSolution
		{05F0B78E-0580-4A8D-B88B-D176779B43A3}.Debug|Any CPU.ActiveCfg = Debug|Any CPU
		{05F0B78E-0580-4A8D-B88B-D176779B43A3}.Debug|Any CPU.Build.0 = Debug|Any CPU
		{05F0B78E-0580-4A8D-B88B-D176779B43A3}.Release|Any CPU.ActiveCfg = Release|Any CPU
		{05F0B78E-0580-4A8D-B88B-D176779B43A3}.Release|Any CPU.Build.0 = Release|Any CPU
	EndGlobalSection
	GlobalSection(SolutionProperties) = preSolution
		HideSolutionNode = FALSE
	EndGlobalSection
	GlobalSection(ExtensibilityGlobals) = postSolution
		SolutionGuid = {54692B6C-8AA4-4F99-BF8B-336DB2F19484}
	EndGlobalSection
EndGlobal
